
Microsoft Visual Studio Solution File, Format Version 12.00
# Visual Studio Version 17
VisualStudioVersion = 17.4.33205.214
MinimumVisualStudioVersion = 10.0.40219.1
Project("{FAE04EC0-301F-11D3-BF4B-00C04F79EFBC}") = "AndmebaasAlex", "AndmebaasAlex.csproj", "{07C9E330-264A-4C8D-B7B3-CD209399B90B}"
EndProject
Global
	GlobalSection(SolutionConfigurationPlatforms) = preSolution
		Debug|Any CPU = Debug|Any CPU
		Release|Any CPU = Release|Any CPU
	EndGlobalSection
	GlobalSection(ProjectConfigurationPlatforms) = postSolution
		{07C9E330-264A-4C8D-B7B3-CD209399B90B}.Debug|Any CPU.ActiveCfg = Debug|Any CPU
		{07C9E330-264A-4C8D-B7B3-CD209399B90B}.Debug|Any CPU.Build.0 = Debug|Any CPU
		{07C9E330-264A-4C8D-B7B3-CD209399B90B}.Release|Any CPU.ActiveCfg = Release|Any CPU
		{07C9E330-264A-4C8D-B7B3-CD209399B90B}.Release|Any CPU.Build.0 = Release|Any CPU
	EndGlobalSection
	GlobalSection(SolutionProperties) = preSolution
		HideSolutionNode = FALSE
	EndGlobalSection
	GlobalSection(ExtensibilityGlobals) = postSolution
		SolutionGuid = {B91D824D-690C-4B38-A0F7-0DA4BA27D156}
	EndGlobalSection
EndGlobal
